
Microsoft Visual Studio Solution File, Format Version 12.00
# Visual Studio Version 16
VisualStudioVersion = 16.0.32002.261
MinimumVisualStudioVersion = 10.0.40219.1
Project("{FAE04EC0-301F-11D3-BF4B-00C04F79EFBC}") = "Mission 2", "Mission 2\Mission 2.csproj", "{1DF3D21C-ECEF-4CB7-961C-8145B67996C3}"
EndProject
Global
	GlobalSection(SolutionConfigurationPlatforms) = preSolution
		Debug|Any CPU = Debug|Any CPU
		Release|Any CPU = Release|Any CPU
	EndGlobalSection
	GlobalSection(ProjectConfigurationPlatforms) = postSolution
		{1DF3D21C-ECEF-4CB7-961C-8145B67996C3}.Debug|Any CPU.ActiveCfg = Debug|Any CPU
		{1DF3D21C-ECEF-4CB7-961C-8145B67996C3}.Debug|Any CPU.Build.0 = Debug|Any CPU
		{1DF3D21C-ECEF-4CB7-961C-8145B67996C3}.Release|Any CPU.ActiveCfg = Release|Any CPU
		{1DF3D21C-ECEF-4CB7-961C-8145B67996C3}.Release|Any CPU.Build.0 = Release|Any CPU
	EndGlobalSection
	GlobalSection(SolutionProperties) = preSolution
		HideSolutionNode = FALSE
	EndGlobalSection
	GlobalSection(ExtensibilityGlobals) = postSolution
		SolutionGuid = {138245B2-3D13-448B-A8D6-43C7F783D24E}
	EndGlobalSection
EndGlobal
